
Microsoft Visual Studio Solution File, Format Version 12.00
# Visual Studio Version 16
VisualStudioVersion = 16.0.29324.140
MinimumVisualStudioVersion = 15.0.26124.0
Project("{9A19103F-16F7-4668-BE54-9A1E7A4F7556}") = "Cake.EntityFramework6", "Cake.EntityFramework6\Cake.EntityFramework6.csproj", "{F04A19AD-4F4C-488C-9D3C-022032FC2357}"
EndProject
Project("{9A19103F-16F7-4668-BE54-9A1E7A4F7556}") = "Cake.EntityFramework6.Tests", "Cake.EntityFramework6.Tests\Cake.EntityFramework6.Tests.csproj", "{1B216A83-44CC-49F9-95C3-D283548252E3}"
EndProject
Project("{2150E333-8FDC-42A3-9474-1A3956D46DE8}") = "docs", "docs", "{5F4333BE-42DB-4F56-BD5A-899D9743EC5A}"
	ProjectSection(SolutionItems) = preProject
		..\docs\input\docs\usage\ef6-cli-reference.md = ..\docs\input\docs\usage\ef6-cli-reference.md
		..\README.md = ..\README.md
		..\docs\input\docs\usage\reference.md = ..\docs\input\docs\usage\reference.md
		..\docs\input\docs\usage\sql-server.md = ..\docs\input\docs\usage\sql-server.md
	EndProjectSection
EndProject
Project("{2150E333-8FDC-42A3-9474-1A3956D46DE8}") = "scripts", "scripts", "{5C7789EB-C0E5-4AAD-BE06-C15CE9DDF28F}"
	ProjectSection(SolutionItems) = preProject
		..\recipe.cake = ..\recipe.cake
	EndProjectSection
EndProject
Global
	GlobalSection(SolutionConfigurationPlatforms) = preSolution
		Debug|Any CPU = Debug|Any CPU
		Debug|x64 = Debug|x64
		Debug|x86 = Debug|x86
		Release|Any CPU = Release|Any CPU
		Release|x64 = Release|x64
		Release|x86 = Release|x86
	EndGlobalSection
	GlobalSection(ProjectConfigurationPlatforms) = postSolution
		{F04A19AD-4F4C-488C-9D3C-022032FC2357}.Debug|Any CPU.ActiveCfg = Debug|Any CPU
		{F04A19AD-4F4C-488C-9D3C-022032FC2357}.Debug|Any CPU.Build.0 = Debug|Any CPU
		{F04A19AD-4F4C-488C-9D3C-022032FC2357}.Debug|x64.ActiveCfg = Debug|Any CPU
		{F04A19AD-4F4C-488C-9D3C-022032FC2357}.Debug|x64.Build.0 = Debug|Any CPU
		{F04A19AD-4F4C-488C-9D3C-022032FC2357}.Debug|x86.ActiveCfg = Debug|Any CPU
		{F04A19AD-4F4C-488C-9D3C-022032FC2357}.Debug|x86.Build.0 = Debug|Any CPU
		{F04A19AD-4F4C-488C-9D3C-022032FC2357}.Release|Any CPU.ActiveCfg = Release|Any CPU
		{F04A19AD-4F4C-488C-9D3C-022032FC2357}.Release|Any CPU.Build.0 = Release|Any CPU
		{F04A19AD-4F4C-488C-9D3C-022032FC2357}.Release|x64.ActiveCfg = Release|Any CPU
		{F04A19AD-4F4C-488C-9D3C-022032FC2357}.Release|x64.Build.0 = Release|Any CPU
		{F04A19AD-4F4C-488C-9D3C-022032FC2357}.Release|x86.ActiveCfg = Release|Any CPU
		{F04A19AD-4F4C-488C-9D3C-022032FC2357}.Release|x86.Build.0 = Release|Any CPU
		{1B216A83-44CC-49F9-95C3-D283548252E3}.Debug|Any CPU.ActiveCfg = Debug|Any CPU
		{1B216A83-44CC-49F9-95C3-D283548252E3}.Debug|Any CPU.Build.0 = Debug|Any CPU
		{1B216A83-44CC-49F9-95C3-D283548252E3}.Debug|x64.ActiveCfg = Debug|Any CPU
		{1B216A83-44CC-49F9-95C3-D283548252E3}.Debug|x64.Build.0 = Debug|Any CPU
		{1B216A83-44CC-49F9-95C3-D283548252E3}.Debug|x86.ActiveCfg = Debug|Any CPU
		{1B216A83-44CC-49F9-95C3-D283548252E3}.Debug|x86.Build.0 = Debug|Any CPU
		{1B216A83-44CC-49F9-95C3-D283548252E3}.Release|Any CPU.ActiveCfg = Release|Any CPU
		{1B216A83-44CC-49F9-95C3-D283548252E3}.Release|Any CPU.Build.0 = Release|Any CPU
		{1B216A83-44CC-49F9-95C3-D283548252E3}.Release|x64.ActiveCfg = Release|Any CPU
		{1B216A83-44CC-49F9-95C3-D283548252E3}.Release|x64.Build.0 = Release|Any CPU
		{1B216A83-44CC-49F9-95C3-D283548252E3}.Release|x86.ActiveCfg = Release|Any CPU
		{1B216A83-44CC-49F9-95C3-D283548252E3}.Release|x86.Build.0 = Release|Any CPU
	EndGlobalSection
	GlobalSection(SolutionProperties) = preSolution
		HideSolutionNode = FALSE
	EndGlobalSection
	GlobalSection(ExtensibilityGlobals) = postSolution
		SolutionGuid = {7D15F748-7D66-45A7-A2C5-3119C8652D48}
	EndGlobalSection
EndGlobal
